{
    "_readme": [
        "This file locks the dependencies of your project to a known state",
        "Read more about it at https://getcomposer.org/doc/01-basic-usage.md#installing-dependencies",
        "This file is @generated automatically"
    ],
    "content-hash": "87eca9875d7a85fce87184685a7ebf45",
    "packages": [
        {
            "name": "massfice/storage",
            "version": "1.0.5",
            "source": {
                "type": "git",
                "url": "https://github.com/Massfice/storage.git",
                "reference": "67f6ce48d5d6925402a98692f1534e235c629068"
            },
            "dist": {
                "type": "zip",
                "url": "https://api.github.com/repos/Massfice/storage/zipball/67f6ce48d5d6925402a98692f1534e235c629068",
                "reference": "67f6ce48d5d6925402a98692f1534e235c629068",
                "shasum": ""
            },
            "type": "library",
            "autoload": {
                "psr-4": {
                    "Massfice\\Storage\\": "src/"
                }
            },
            "notification-url": "https://packagist.org/downloads/",
            "license": [
                "MIT"
            ],
            "authors": [
                {
                    "name": "Massfice",
                    "email": "adrian.marian.tomasz.larysz@gmail.com"
                }
            ],
            "description": "Coming soon",
            "time": "2019-08-29T10:56:59+00:00"
        }
    ],
    "packages-dev": [],
    "aliases": [],
    "minimum-stability": "stable",
    "stability-flags": [],
    "prefer-stable": false,
    "prefer-lowest": false,
    "platform": [],
    "platform-dev": []
}
